
Microsoft Visual Studio Solution File, Format Version 12.00
# Visual Studio 15
Project("{FAE04EC0-301F-11D3-BF4B-00C04F79EFBC}") = "NFCProject.iOS", "NFCProject.iOS.csproj", "{A9CAF7D1-5D32-4E5B-BB56-1432A3028551}"
EndProject
Global
	GlobalSection(SolutionConfigurationPlatforms) = preSolution
		Debug|iPhoneSimulator = Debug|iPhoneSimulator
		Release|iPhoneSimulator = Release|iPhoneSimulator
		Debug|iPhone = Debug|iPhone
		Release|iPhone = Release|iPhone
	EndGlobalSection
	GlobalSection(ProjectConfigurationPlatforms) = postSolution
		{A9CAF7D1-5D32-4E5B-BB56-1432A3028551}.Debug|iPhoneSimulator.ActiveCfg = Debug|iPhoneSimulator
		{A9CAF7D1-5D32-4E5B-BB56-1432A3028551}.Release|iPhoneSimulator.ActiveCfg = Release|iPhoneSimulator
		{A9CAF7D1-5D32-4E5B-BB56-1432A3028551}.Release|iPhoneSimulator.Build.0 = Release|iPhoneSimulator
		{A9CAF7D1-5D32-4E5B-BB56-1432A3028551}.Debug|iPhone.ActiveCfg = Debug|iPhone
		{A9CAF7D1-5D32-4E5B-BB56-1432A3028551}.Release|iPhone.ActiveCfg = Release|iPhone
		{A9CAF7D1-5D32-4E5B-BB56-1432A3028551}.Debug|iPhoneSimulator.Build.0 = Debug|iPhoneSimulator
		{A9CAF7D1-5D32-4E5B-BB56-1432A3028551}.Debug|iPhone.Build.0 = Debug|iPhone
		{A9CAF7D1-5D32-4E5B-BB56-1432A3028551}.Release|iPhone.Build.0 = Release|iPhone
	EndGlobalSection
EndGlobal
